
Microsoft Visual Studio Solution File, Format Version 12.00
# Visual Studio 15
VisualStudioVersion = 15.0.26430.6
MinimumVisualStudioVersion = 10.0.40219.1
Project("{FAE04EC0-301F-11D3-BF4B-00C04F79EFBC}") = "TranslationTrainer", "TranslationTrainer\TranslationTrainer.csproj", "{C38CD046-C770-4F13-BC1D-CDA94ECD7941}"
EndProject
Project("{FAE04EC0-301F-11D3-BF4B-00C04F79EFBC}") = "TranslationTrainer.Tests", "TranslationTrainer.Tests\TranslationTrainer.Tests.csproj", "{6B56B30B-B9DB-44F4-A488-54EB52764F16}"
EndProject
Project("{FAE04EC0-301F-11D3-BF4B-00C04F79EFBC}") = "Usage", "Usage\Usage.csproj", "{9DD27266-1A33-4215-B236-E99E82779F0F}"
EndProject
Global
	GlobalSection(SolutionConfigurationPlatforms) = preSolution
		Debug|Any CPU = Debug|Any CPU
		Release|Any CPU = Release|Any CPU
	EndGlobalSection
	GlobalSection(ProjectConfigurationPlatforms) = postSolution
		{C38CD046-C770-4F13-BC1D-CDA94ECD7941}.Debug|Any CPU.ActiveCfg = Debug|Any CPU
		{C38CD046-C770-4F13-BC1D-CDA94ECD7941}.Debug|Any CPU.Build.0 = Debug|Any CPU
		{C38CD046-C770-4F13-BC1D-CDA94ECD7941}.Release|Any CPU.ActiveCfg = Release|Any CPU
		{C38CD046-C770-4F13-BC1D-CDA94ECD7941}.Release|Any CPU.Build.0 = Release|Any CPU
		{6B56B30B-B9DB-44F4-A488-54EB52764F16}.Debug|Any CPU.ActiveCfg = Debug|Any CPU
		{6B56B30B-B9DB-44F4-A488-54EB52764F16}.Debug|Any CPU.Build.0 = Debug|Any CPU
		{6B56B30B-B9DB-44F4-A488-54EB52764F16}.Release|Any CPU.ActiveCfg = Release|Any CPU
		{6B56B30B-B9DB-44F4-A488-54EB52764F16}.Release|Any CPU.Build.0 = Release|Any CPU
		{9DD27266-1A33-4215-B236-E99E82779F0F}.Debug|Any CPU.ActiveCfg = Debug|Any CPU
		{9DD27266-1A33-4215-B236-E99E82779F0F}.Debug|Any CPU.Build.0 = Debug|Any CPU
		{9DD27266-1A33-4215-B236-E99E82779F0F}.Release|Any CPU.ActiveCfg = Release|Any CPU
		{9DD27266-1A33-4215-B236-E99E82779F0F}.Release|Any CPU.Build.0 = Release|Any CPU
	EndGlobalSection
	GlobalSection(SolutionProperties) = preSolution
		HideSolutionNode = FALSE
	EndGlobalSection
EndGlobal
